PODS:
  - Flutter (1.0.0)
  - store_redirect (0.0.1):
    - Flutter

DEPENDENCIES:
  - Flutter (from `Flutter`)
  - store_redirect (from `.symlinks/plugins/store_redirect/ios`)

EXTERNAL SOURCES:
  Flutter:
    :path: Flutter
  store_redirect:
    :path: ".symlinks/plugins/store_redirect/ios"

SPEC CHECKSUMS:
  Flutter: cabc95a1d2626b1b06e7179b784ebcf0c0cde467
  store_redirect: 55fd455802ceab09803b2df6e68f19a58815266a

PODFILE CHECKSUM: 16a954eafdf627483df38139428064a56bb11f6d

COCOAPODS: 1.16.2
